
Microsoft Visual Studio Solution File, Format Version 12.00
# Visual Studio Version 16
VisualStudioVersion = 16.0.30330.147
MinimumVisualStudioVersion = 10.0.40219.1
Project("{FAE04EC0-301F-11D3-BF4B-00C04F79EFBC}") = "Osean.NET", "Osean.NET\Osean.NET.csproj", "{D0CFFEE7-A58A-4071-AD00-8212ED1A4239}"
EndProject
Global
	GlobalSection(SolutionConfigurationPlatforms) = preSolution
		Debug|Any CPU = Debug|Any CPU
		Release|Any CPU = Release|Any CPU
	EndGlobalSection
	GlobalSection(ProjectConfigurationPlatforms) = postSolution
		{D0CFFEE7-A58A-4071-AD00-8212ED1A4239}.Debug|Any CPU.ActiveCfg = Debug|Any CPU
		{D0CFFEE7-A58A-4071-AD00-8212ED1A4239}.Debug|Any CPU.Build.0 = Debug|Any CPU
		{D0CFFEE7-A58A-4071-AD00-8212ED1A4239}.Release|Any CPU.ActiveCfg = Release|Any CPU
		{D0CFFEE7-A58A-4071-AD00-8212ED1A4239}.Release|Any CPU.Build.0 = Release|Any CPU
	EndGlobalSection
	GlobalSection(SolutionProperties) = preSolution
		HideSolutionNode = FALSE
	EndGlobalSection
	GlobalSection(ExtensibilityGlobals) = postSolution
		SolutionGuid = {237CA1CC-D842-401E-8AE0-988B0E207C7B}
	EndGlobalSection
EndGlobal
